
Microsoft Visual Studio Solution File, Format Version 12.00
# Visual Studio Version 16
VisualStudioVersion = 16.0.30204.135
MinimumVisualStudioVersion = 10.0.40219.1
Project("{FAE04EC0-301F-11D3-BF4B-00C04F79EFBC}") = "BlazorCRUD1", "BlazorCRUD1\BlazorCRUD1.csproj", "{C93601B0-F23D-4A26-92A9-244E63E64203}"
EndProject
Global
	GlobalSection(SolutionConfigurationPlatforms) = preSolution
		Debug|Any CPU = Debug|Any CPU
		Release|Any CPU = Release|Any CPU
	EndGlobalSection
	GlobalSection(ProjectConfigurationPlatforms) = postSolution
		{C93601B0-F23D-4A26-92A9-244E63E64203}.Debug|Any CPU.ActiveCfg = Debug|Any CPU
		{C93601B0-F23D-4A26-92A9-244E63E64203}.Debug|Any CPU.Build.0 = Debug|Any CPU
		{C93601B0-F23D-4A26-92A9-244E63E64203}.Release|Any CPU.ActiveCfg = Release|Any CPU
		{C93601B0-F23D-4A26-92A9-244E63E64203}.Release|Any CPU.Build.0 = Release|Any CPU
	EndGlobalSection
	GlobalSection(SolutionProperties) = preSolution
		HideSolutionNode = FALSE
	EndGlobalSection
	GlobalSection(ExtensibilityGlobals) = postSolution
		SolutionGuid = {68098648-8C4A-4B6C-AEEB-7FD2D559C6AE}
	EndGlobalSection
EndGlobal
